<?xml version="1.0" encoding="utf-8"?>
<Project ToolsVersion="4.0" xmlns="http://schemas.microsoft.com/developer/msbuild/2003">
  <ItemGroup>
    <ClCompile Include="lapi.c" />
    <ClCompile Include="lauxlib.c" />
    <ClCompile Include="lbaselib.c" />
    <ClCompile Include="lcode.c" />
    <ClCompile Include="ldblib.c" />
    <ClCompile Include="ldebug.c" />
    <ClCompile Include="ldo.c" />
    <ClCompile Include="ldump.c" />
    <ClCompile Include="lfunc.c" />
    <ClCompile Include="lgc.c" />
    <ClCompile Include="linit.c" />
    <ClCompile Include="liolib.c" />
    <ClCompile Include="llex.c" />
    <ClCompile Include="lmathlib.c" />
    <ClCompile Include="lmem.c" />
    <ClCompile Include="loadlib.c" />
    <ClCompile Include="lobject.c" />
    <ClCompile Include="lopcodes.c" />
    <ClCompile Include="loslib.c" />
    <ClCompile Include="lparser.c" />
    <ClCompile Include="lstate.c" />
    <ClCompile Include="lstring.c" />
    <ClCompile Include="lstrlib.c" />
    <ClCompile Include="ltable.c" />
    <ClCompile Include="ltablib.c" />
    <ClCompile Include="ltm.c" />
    <ClCompile Include="lua.c" />
    <ClCompile Include="lundump.c" />
    <ClCompile Include="lvm.c" />
    <ClCompile Include="lzio.c" />
    <ClCompile Include="print.c" />
    <ClCompile Include="luasocket\auxiliar.c" />
    <ClCompile Include="luasocket\buffer.c" />
    <ClCompile Include="luasocket\except.c" />
    <ClCompile Include="luasocket\inet.c" />
    <ClCompile Include="luasocket\io.c" />
    <ClCompile Include="luasocket\luasocket.c" />
    <ClCompile Include="luasocket\mime.c" />
    <ClCompile Include="luasocket\options.c" />
    <ClCompile Include="luasocket\select.c" />
    <ClCompile Include="luasocket\tcp.c" />
    <ClCompile Include="luasocket\timeout.c" />
    <ClCompile Include="luasocket\udp.c" />
    <ClCompile Include="luasocket\wsocket.c" />
  </ItemGroup>
  <ItemGroup>
    <ClInclude Include="lapi.h" />
    <ClInclude Include="lauxlib.h" />
    <ClInclude Include="lcode.h" />
    <ClInclude Include="ldebug.h" />
    <ClInclude Include="ldo.h" />
    <ClInclude Include="lfunc.h" />
    <ClInclude Include="lgc.h" />
    <ClInclude Include="llex.h" />
    <ClInclude Include="llimits.h" />
    <ClInclude Include="lmem.h" />
    <ClInclude Include="lobject.h" />
    <ClInclude Include="lopcodes.h" />
    <ClInclude Include="lparser.h" />
    <ClInclude Include="lstate.h" />
    <ClInclude Include="lstring.h" />
    <ClInclude Include="ltable.h" />
    <ClInclude Include="ltm.h" />
    <ClInclude Include="lua.h" />
    <ClInclude Include="luaconf.h" />
    <ClInclude Include="lualib.h" />
    <ClInclude Include="lundump.h" />
    <ClInclude Include="lvm.h" />
    <ClInclude Include="lzio.h" />
    <ClInclude Include="luasocket\auxiliar.h" />
    <ClInclude Include="luasocket\buffer.h" />
    <ClInclude Include="luasocket\except.h" />
    <ClInclude Include="luasocket\inet.h" />
    <ClInclude Include="luasocket\io.h" />
    <ClInclude Include="luasocket\luasocket.h" />
    <ClInclude Include="luasocket\mime.h" />
    <ClInclude Include="luasocket\options.h" />
    <ClInclude Include="luasocket\select.h" />
    <ClInclude Include="luasocket\socket.h" />
    <ClInclude Include="luasocket\tcp.h" />
    <ClInclude Include="luasocket\timeout.h" />
    <ClInclude Include="luasocket\udp.h" />
    <ClInclude Include="luasocket\wsocket.h" />
  </ItemGroup>
  <ItemGroup>
    <None Include="lua.VC.db" />
  </ItemGroup>
</Project>